{
  "name": "liblevenshtein",
  "version": "4.0.0-rc.4",
  "lockfileVersion": 3,
  "requires": true,
  "packages": {
    "": {
      "name": "liblevenshtein",
      "version": "4.0.0-rc.4",
      "license": "Apache-2.0",
      "dependencies": {
        "@vinary-tree/liblevenshtein": "4.0.0-rc.4"
      },
      "engines": {
        "node": ">=22.14"
      }
    }
  }
}
